Microsoft Visual Studio Solution File, Format Version 12.00
# Visual Studio Version 17
VisualStudioVersion = 17.5.2.0
MinimumVisualStudioVersion = 10.0.40219.1
Project("{FAE04EC0-301F-11D3-BF4B-00C04F79EFBC}") = "AppointmentService", "AppointmentService\AppointmentService.csproj", "{BBDADF9D-8EA2-68FF-1E23-483B2CF3BE38}"
EndProject
Project("{FAE04EC0-301F-11D3-BF4B-00C04F79EFBC}") = "AuthService", "AuthService\AuthService.csproj", "{6CDAB7B3-DE4F-6FF5-06F0-D824F083F1AF}"
EndProject
Project("{FAE04EC0-301F-11D3-BF4B-00C04F79EFBC}") = "MedicalRecordService", "MedicalRecordService\MedicalRecordService.csproj", "{5F3AEE0D-4D94-AB77-6780-B4CEFBD070A1}"
EndProject
Project("{FAE04EC0-301F-11D3-BF4B-00C04F79EFBC}") = "PaymentService", "PaymentService\PaymentService.csproj", "{7DDA886F-7022-E231-A5D2-8BDF0FBB44D6}"
EndProject
Project("{FAE04EC0-301F-11D3-BF4B-00C04F79EFBC}") = "ProviderService", "ProviderService\ProviderService.csproj", "{E887B6A7-D69C-C54A-6830-11A5C39C02E9}"
EndProject
Project("{FAE04EC0-301F-11D3-BF4B-00C04F79EFBC}") = "ReviewService", "ReviewService\ReviewService.csproj", "{302CB08B-4FD8-EE57-70DF-B3C948849E6E}"
EndProject
Project("{FAE04EC0-301F-11D3-BF4B-00C04F79EFBC}") = "ScheduleService", "ScheduleService\ScheduleService.csproj", "{6C09AD84-2614-64A2-DA26-444287661D6A}"
EndProject
Project("{FAE04EC0-301F-11D3-BF4B-00C04F79EFBC}") = "MediBook.Tests", "MediBook.Tests\MediBook.Tests.csproj", "{6F685C43-DE85-4164-B956-16F1C6FCD415}"
EndProject
Global
	GlobalSection(SolutionConfigurationPlatforms) = preSolution
		Debug|Any CPU = Debug|Any CPU
		Release|Any CPU = Release|Any CPU
	EndGlobalSection
	GlobalSection(ProjectConfigurationPlatforms) = postSolution
		{BBDADF9D-8EA2-68FF-1E23-483B2CF3BE38}.Debug|Any CPU.ActiveCfg = Debug|Any CPU
		{BBDADF9D-8EA2-68FF-1E23-483B2CF3BE38}.Debug|Any CPU.Build.0 = Debug|Any CPU
		{BBDADF9D-8EA2-68FF-1E23-483B2CF3BE38}.Release|Any CPU.ActiveCfg = Release|Any CPU
		{BBDADF9D-8EA2-68FF-1E23-483B2CF3BE38}.Release|Any CPU.Build.0 = Release|Any CPU
		{6CDAB7B3-DE4F-6FF5-06F0-D824F083F1AF}.Debug|Any CPU.ActiveCfg = Debug|Any CPU
		{6CDAB7B3-DE4F-6FF5-06F0-D824F083F1AF}.Debug|Any CPU.Build.0 = Debug|Any CPU
		{6CDAB7B3-DE4F-6FF5-06F0-D824F083F1AF}.Release|Any CPU.ActiveCfg = Release|Any CPU
		{6CDAB7B3-DE4F-6FF5-06F0-D824F083F1AF}.Release|Any CPU.Build.0 = Release|Any CPU
		{5F3AEE0D-4D94-AB77-6780-B4CEFBD070A1}.Debug|Any CPU.ActiveCfg = Debug|Any CPU
		{5F3AEE0D-4D94-AB77-6780-B4CEFBD070A1}.Debug|Any CPU.Build.0 = Debug|Any CPU
		{5F3AEE0D-4D94-AB77-6780-B4CEFBD070A1}.Release|Any CPU.ActiveCfg = Release|Any CPU
		{5F3AEE0D-4D94-AB77-6780-B4CEFBD070A1}.Release|Any CPU.Build.0 = Release|Any CPU
		{7DDA886F-7022-E231-A5D2-8BDF0FBB44D6}.Debug|Any CPU.ActiveCfg = Debug|Any CPU
		{7DDA886F-7022-E231-A5D2-8BDF0FBB44D6}.Debug|Any CPU.Build.0 = Debug|Any CPU
		{7DDA886F-7022-E231-A5D2-8BDF0FBB44D6}.Release|Any CPU.ActiveCfg = Release|Any CPU
		{7DDA886F-7022-E231-A5D2-8BDF0FBB44D6}.Release|Any CPU.Build.0 = Release|Any CPU
		{E887B6A7-D69C-C54A-6830-11A5C39C02E9}.Debug|Any CPU.ActiveCfg = Debug|Any CPU
		{E887B6A7-D69C-C54A-6830-11A5C39C02E9}.Debug|Any CPU.Build.0 = Debug|Any CPU
		{E887B6A7-D69C-C54A-6830-11A5C39C02E9}.Release|Any CPU.ActiveCfg = Release|Any CPU
		{E887B6A7-D69C-C54A-6830-11A5C39C02E9}.Release|Any CPU.Build.0 = Release|Any CPU
		{302CB08B-4FD8-EE57-70DF-B3C948849E6E}.Debug|Any CPU.ActiveCfg = Debug|Any CPU
		{302CB08B-4FD8-EE57-70DF-B3C948849E6E}.Debug|Any CPU.Build.0 = Debug|Any CPU
		{302CB08B-4FD8-EE57-70DF-B3C948849E6E}.Release|Any CPU.ActiveCfg = Release|Any CPU
		{302CB08B-4FD8-EE57-70DF-B3C948849E6E}.Release|Any CPU.Build.0 = Release|Any CPU
		{6C09AD84-2614-64A2-DA26-444287661D6A}.Debug|Any CPU.ActiveCfg = Debug|Any CPU
		{6C09AD84-2614-64A2-DA26-444287661D6A}.Debug|Any CPU.Build.0 = Debug|Any CPU
		{6C09AD84-2614-64A2-DA26-444287661D6A}.Release|Any CPU.ActiveCfg = Release|Any CPU
		{6C09AD84-2614-64A2-DA26-444287661D6A}.Release|Any CPU.Build.0 = Release|Any CPU
		{6F685C43-DE85-4164-B956-16F1C6FCD415}.Debug|Any CPU.ActiveCfg = Debug|Any CPU
		{6F685C43-DE85-4164-B956-16F1C6FCD415}.Debug|Any CPU.Build.0 = Debug|Any CPU
		{6F685C43-DE85-4164-B956-16F1C6FCD415}.Release|Any CPU.ActiveCfg = Release|Any CPU
		{6F685C43-DE85-4164-B956-16F1C6FCD415}.Release|Any CPU.Build.0 = Release|Any CPU
	EndGlobalSection
	GlobalSection(SolutionProperties) = preSolution
		HideSolutionNode = FALSE
	EndGlobalSection
	GlobalSection(ExtensibilityGlobals) = postSolution
		SolutionGuid = {7D5C50C5-B161-45B5-AE28-23D0E5992C28}
	EndGlobalSection
EndGlobal
